
Microsoft Visual Studio Solution File, Format Version 12.00
# Visual Studio Version 16
VisualStudioVersion = 16.0.29911.84
MinimumVisualStudioVersion = 10.0.40219.1
Project("{FAE04EC0-301F-11D3-BF4B-00C04F79EFBC}") = "simpleGIS", "simpleGIS.csproj", "{9120A729-9517-4DF9-97FC-FC0DA4444FD9}"
EndProject
Global
	GlobalSection(SolutionConfigurationPlatforms) = preSolution
		Debug|Any CPU = Debug|Any CPU
		Release|Any CPU = Release|Any CPU
	EndGlobalSection
	GlobalSection(ProjectConfigurationPlatforms) = postSolution
		{9120A729-9517-4DF9-97FC-FC0DA4444FD9}.Debug|Any CPU.ActiveCfg = Debug|Any CPU
		{9120A729-9517-4DF9-97FC-FC0DA4444FD9}.Debug|Any CPU.Build.0 = Debug|Any CPU
		{9120A729-9517-4DF9-97FC-FC0DA4444FD9}.Release|Any CPU.ActiveCfg = Release|Any CPU
		{9120A729-9517-4DF9-97FC-FC0DA4444FD9}.Release|Any CPU.Build.0 = Release|Any CPU
	EndGlobalSection
	GlobalSection(SolutionProperties) = preSolution
		HideSolutionNode = FALSE
	EndGlobalSection
	GlobalSection(ExtensibilityGlobals) = postSolution
		SolutionGuid = {4CE6E18D-A1A4-4599-AD25-C50913F886C6}
	EndGlobalSection
EndGlobal
